
Microsoft Visual Studio Solution File, Format Version 12.00
# Visual Studio Version 17
VisualStudioVersion = 17.7.34031.279
MinimumVisualStudioVersion = 10.0.40219.1
Project("{FAE04EC0-301F-11D3-BF4B-00C04F79EFBC}") = "DayOne", "DayOne\DayOne.csproj", "{77173797-0D48-4700-AFD2-7C8F1B5B1563}"
EndProject
Global
	GlobalSection(SolutionConfigurationPlatforms) = preSolution
		Debug|Any CPU = Debug|Any CPU
		Release|Any CPU = Release|Any CPU
	EndGlobalSection
	GlobalSection(ProjectConfigurationPlatforms) = postSolution
		{77173797-0D48-4700-AFD2-7C8F1B5B1563}.Debug|Any CPU.ActiveCfg = Debug|Any CPU
		{77173797-0D48-4700-AFD2-7C8F1B5B1563}.Debug|Any CPU.Build.0 = Debug|Any CPU
		{77173797-0D48-4700-AFD2-7C8F1B5B1563}.Release|Any CPU.ActiveCfg = Release|Any CPU
		{77173797-0D48-4700-AFD2-7C8F1B5B1563}.Release|Any CPU.Build.0 = Release|Any CPU
	EndGlobalSection
	GlobalSection(SolutionProperties) = preSolution
		HideSolutionNode = FALSE
	EndGlobalSection
	GlobalSection(ExtensibilityGlobals) = postSolution
		SolutionGuid = {F5238506-824D-4919-9910-B1D3FEC8D2C6}
	EndGlobalSection
EndGlobal
